PODS:
  - Flutter (1.0.0)
  - flutter_dynamic_icon_plus (1.0.0):
    - Flutter
    - SwiftTryCatch
  - flutter_health_connect (0.0.1):
    - Flutter
  - flutter_native_splash (2.4.3):
    - Flutter
  - flutter_secure_storage (6.0.0):
    - Flutter
  - health_kit_reporter (2.1.0):
    - Flutter
    - HealthKitReporter
  - HealthKitReporter (3.1.0)
  - home_widget (0.0.1):
    - Flutter
  - local_auth_darwin (0.0.1):
    - Flutter
    - FlutterMacOS
  - package_info_plus (0.4.5):
    - Flutter
  - path_provider_foundation (0.0.1):
    - Flutter
    - FlutterMacOS
  - permission_handler_apple (9.3.0):
    - Flutter
  - SwiftTryCatch (0.0.1)

DEPENDENCIES:
  - Flutter (from `Flutter`)
  - flutter_dynamic_icon_plus (from `.symlinks/plugins/flutter_dynamic_icon_plus/ios`)
  - flutter_health_connect (from `.symlinks/plugins/flutter_health_connect/ios`)
  - flutter_native_splash (from `.symlinks/plugins/flutter_native_splash/ios`)
  - flutter_secure_storage (from `.symlinks/plugins/flutter_secure_storage/ios`)
  - health_kit_reporter (from `.symlinks/plugins/health_kit_reporter/ios`)
  - home_widget (from `.symlinks/plugins/home_widget/ios`)
  - local_auth_darwin (from `.symlinks/plugins/local_auth_darwin/darwin`)
  - package_info_plus (from `.symlinks/plugins/package_info_plus/ios`)
  - path_provider_foundation (from `.symlinks/plugins/path_provider_foundation/darwin`)
  - permission_handler_apple (from `.symlinks/plugins/permission_handler_apple/ios`)

SPEC REPOS:
  trunk:
    - HealthKitReporter
    - SwiftTryCatch

EXTERNAL SOURCES:
  Flutter:
    :path: Flutter
  flutter_dynamic_icon_plus:
    :path: ".symlinks/plugins/flutter_dynamic_icon_plus/ios"
  flutter_health_connect:
    :path: ".symlinks/plugins/flutter_health_connect/ios"
  flutter_native_splash:
    :path: ".symlinks/plugins/flutter_native_splash/ios"
  flutter_secure_storage:
    :path: ".symlinks/plugins/flutter_secure_storage/ios"
  health_kit_reporter:
    :path: ".symlinks/plugins/health_kit_reporter/ios"
  home_widget:
    :path: ".symlinks/plugins/home_widget/ios"
  local_auth_darwin:
    :path: ".symlinks/plugins/local_auth_darwin/darwin"
  package_info_plus:
    :path: ".symlinks/plugins/package_info_plus/ios"
  path_provider_foundation:
    :path: ".symlinks/plugins/path_provider_foundation/darwin"
  permission_handler_apple:
    :path: ".symlinks/plugins/permission_handler_apple/ios"

SPEC CHECKSUMS:
  Flutter: e0871f40cf51350855a761d2e70bf5af5b9b5de7
  flutter_dynamic_icon_plus: 97d2592f571db88345a05183e080369289ec9c94
  flutter_health_connect: ac5623c081166629c5c2fa1f4bebb24dd4575d4d
  flutter_native_splash: e8a1e01082d97a8099d973f919f57904c925008a
  flutter_secure_storage: d33dac7ae2ea08509be337e775f6b59f1ff45f12
  health_kit_reporter: c42352ae9e6ba3035618f27aec723833487ceab3
  HealthKitReporter: 4fae728be1afa52c4833d4cfb9835b368bfc89e6
  home_widget: 0434835a4c9a75704264feff6be17ea40e0f0d57
  local_auth_darwin: 66e40372f1c29f383a314c738c7446e2f7fdadc3
  package_info_plus: c0502532a26c7662a62a356cebe2692ec5fe4ec4
  path_provider_foundation: 2b6b4c569c0fb62ec74538f866245ac84301af46
  permission_handler_apple: 9878588469a2b0d0fc1e048d9f43605f92e6cec2
  SwiftTryCatch: fb6d2b34abe48efd69578dac919293a44f95b481

PODFILE CHECKSUM: b59e06eb7ef2e76bfd84f382f4d4bcd3f69eba11

COCOAPODS: 1.15.2
