PODS:
  - device_info_plus (0.0.1):
    - Flutter
  - dynamic_icon_flutter (0.0.7):
    - Flutter
  - Flutter (1.0.0)
  - flutter_native_splash (0.0.1):
    - Flutter
  - flutter_secure_storage (6.0.0):
    - Flutter
  - flutter_widgetkit (0.0.1):
    - Flutter
  - health (1.0.4):
    - Flutter
  - local_auth_ios (0.0.1):
    - Flutter
  - package_info_plus (0.4.5):
    - Flutter
  - permission_handler_apple (9.1.1):
    - Flutter

DEPENDENCIES:
  - device_info_plus (from `.symlinks/plugins/device_info_plus/ios`)
  - dynamic_icon_flutter (from `.symlinks/plugins/dynamic_icon_flutter/ios`)
  - Flutter (from `Flutter`)
  - flutter_native_splash (from `.symlinks/plugins/flutter_native_splash/ios`)
  - flutter_secure_storage (from `.symlinks/plugins/flutter_secure_storage/ios`)
  - flutter_widgetkit (from `.symlinks/plugins/flutter_widgetkit/ios`)
  - health (from `.symlinks/plugins/health/ios`)
  - local_auth_ios (from `.symlinks/plugins/local_auth_ios/ios`)
  - package_info_plus (from `.symlinks/plugins/package_info_plus/ios`)
  - permission_handler_apple (from `.symlinks/plugins/permission_handler_apple/ios`)

EXTERNAL SOURCES:
  device_info_plus:
    :path: ".symlinks/plugins/device_info_plus/ios"
  dynamic_icon_flutter:
    :path: ".symlinks/plugins/dynamic_icon_flutter/ios"
  Flutter:
    :path: Flutter
  flutter_native_splash:
    :path: ".symlinks/plugins/flutter_native_splash/ios"
  flutter_secure_storage:
    :path: ".symlinks/plugins/flutter_secure_storage/ios"
  flutter_widgetkit:
    :path: ".symlinks/plugins/flutter_widgetkit/ios"
  health:
    :path: ".symlinks/plugins/health/ios"
  local_auth_ios:
    :path: ".symlinks/plugins/local_auth_ios/ios"
  package_info_plus:
    :path: ".symlinks/plugins/package_info_plus/ios"
  permission_handler_apple:
    :path: ".symlinks/plugins/permission_handler_apple/ios"

SPEC CHECKSUMS:
  device_info_plus: 7545d84d8d1b896cb16a4ff98c19f07ec4b298ea
  dynamic_icon_flutter: 8ef1720e1be115981dc0b87abad2b24d51c4b642
  Flutter: f04841e97a9d0b0a8025694d0796dd46242b2854
  flutter_native_splash: 52501b97d1c0a5f898d687f1646226c1f93c56ef
  flutter_secure_storage: 23fc622d89d073675f2eaa109381aefbcf5a49be
  flutter_widgetkit: a0e9b0d50ee9bec366dad36c639509daaafc397a
  health: 5a380c0f6c4f619535845992993964293962e99e
  local_auth_ios: c6cf091ded637a88f24f86a8875d8b0f526e2605
  package_info_plus: fd030dabf36271f146f1f3beacd48f564b0f17f7
  permission_handler_apple: e76247795d700c14ea09e3a2d8855d41ee80a2e6

PODFILE CHECKSUM: b59e06eb7ef2e76bfd84f382f4d4bcd3f69eba11

COCOAPODS: 1.12.1
